# THIS IS AN AUTOGENERATED FILE. DO NOT EDIT THIS FILE DIRECTLY.
# yarn lockfile v1


"@esbuild/win32-x64@0.17.19":
  "integrity" "sha512-lAhycmKnVOuRYNtRtatQR1LPQf2oYCkRGkSFnseDAKPl8lu5SOsK/e1sXe5a0Pc5kHIHe6P2I/ilntNv2xf3cA=="
  "resolved" "https://registry.npmjs.org/@esbuild/win32-x64/-/win32-x64-0.17.19.tgz"
  "version" "0.17.19"

"@rollup/pluginutils@^5.0.2":
  "integrity" "sha512-pTd9rIsP92h+B6wWwFbW8RkZv4hiR/xKsqre4SIuAOaOEQRxi0lqLke9k2/7WegC85GgUs9pjmOjCUi3In4vwA=="
  "resolved" "https://registry.npmjs.org/@rollup/pluginutils/-/pluginutils-5.0.2.tgz"
  "version" "5.0.2"
  dependencies:
    "@types/estree" "^1.0.0"
    "estree-walker" "^2.0.2"
    "picomatch" "^2.3.1"

"@types/estree@^1.0.0":
  "integrity" "sha512-LG4opVs2ANWZ1TJoKc937iMmNstM/d0ae1vNbnBvBhqCSezgVUOzcLCqbI5elV8Vy6WKwKjaqR+zO9VKirBBCA=="
  "resolved" "https://registry.npmjs.org/@types/estree/-/estree-1.0.1.tgz"
  "version" "1.0.1"

"esbuild@^0.17.5":
  "integrity" "sha512-XQ0jAPFkK/u3LcVRcvVHQcTIqD6E2H1fvZMA5dQPSOWb3suUbWbfbRf94pjc0bNzRYLfIrDRQXr7X+LHIm5oHw=="
  "resolved" "https://registry.npmjs.org/esbuild/-/esbuild-0.17.19.tgz"
  "version" "0.17.19"
  optionalDependencies:
    "@esbuild/android-arm" "0.17.19"
    "@esbuild/android-arm64" "0.17.19"
    "@esbuild/android-x64" "0.17.19"
    "@esbuild/darwin-arm64" "0.17.19"
    "@esbuild/darwin-x64" "0.17.19"
    "@esbuild/freebsd-arm64" "0.17.19"
    "@esbuild/freebsd-x64" "0.17.19"
    "@esbuild/linux-arm" "0.17.19"
    "@esbuild/linux-arm64" "0.17.19"
    "@esbuild/linux-ia32" "0.17.19"
    "@esbuild/linux-loong64" "0.17.19"
    "@esbuild/linux-mips64el" "0.17.19"
    "@esbuild/linux-ppc64" "0.17.19"
    "@esbuild/linux-riscv64" "0.17.19"
    "@esbuild/linux-s390x" "0.17.19"
    "@esbuild/linux-x64" "0.17.19"
    "@esbuild/netbsd-x64" "0.17.19"
    "@esbuild/openbsd-x64" "0.17.19"
    "@esbuild/sunos-x64" "0.17.19"
    "@esbuild/win32-arm64" "0.17.19"
    "@esbuild/win32-ia32" "0.17.19"
    "@esbuild/win32-x64" "0.17.19"

"estree-walker@^2.0.2":
  "integrity" "sha512-Rfkk/Mp/DL7JVje3u18FxFujQlTNR2q6QfMSMB7AvCBx91NGj/ba3kCfza0f6dVDbw7YlRf/nDrn7pQrCCyQ/w=="
  "resolved" "https://registry.npmjs.org/estree-walker/-/estree-walker-2.0.2.tgz"
  "version" "2.0.2"

"lil-gui@^0.17.0":
  "integrity" "sha512-MVBHmgY+uEbmJNApAaPbtvNh1RCAeMnKym82SBjtp5rODTYKWtM+MXHCifLe2H2Ti1HuBGBtK/5SyG4ShQ3pUQ=="
  "resolved" "https://registry.npmjs.org/lil-gui/-/lil-gui-0.17.0.tgz"
  "version" "0.17.0"

"nanoid@^3.3.6":
  "integrity" "sha512-BGcqMMJuToF7i1rt+2PWSNVnWIkGCU78jBG3RxO/bZlnZPK2Cmi2QaffxGO/2RvWi9sL+FAiRiXMgsyxQ1DIDA=="
  "resolved" "https://registry.npmjs.org/nanoid/-/nanoid-3.3.6.tgz"
  "version" "3.3.6"

"picocolors@^1.0.0":
  "integrity" "sha512-1fygroTLlHu66zi26VoTDv8yRgm0Fccecssto+MhsZ0D/DGW2sm8E8AjW7NU5VVTRt5GxbeZ5qBuJr+HyLYkjQ=="
  "resolved" "https://registry.npmjs.org/picocolors/-/picocolors-1.0.0.tgz"
  "version" "1.0.0"

"picomatch@^2.3.1":
  "integrity" "sha512-JU3teHTNjmE2VCGFzuY8EXzCDVwEqB2a8fsIvwaStHhAWJEeVd1o1QD80CU6+ZdEXXSLbSsuLwJjkCBWqRQUVA=="
  "resolved" "https://registry.npmjs.org/picomatch/-/picomatch-2.3.1.tgz"
  "version" "2.3.1"

"postcss@^8.4.23":
  "integrity" "sha512-bQ3qMcpF6A/YjR55xtoTr0jGOlnPOKAIMdOWiv0EIT6HVPEaJiJB4NLljSbiHoC2RX7DN5Uvjtpbg1NPdwv1oA=="
  "resolved" "https://registry.npmjs.org/postcss/-/postcss-8.4.23.tgz"
  "version" "8.4.23"
  dependencies:
    "nanoid" "^3.3.6"
    "picocolors" "^1.0.0"
    "source-map-js" "^1.0.2"

"rollup@^1.20.0||^2.0.0||^3.0.0", "rollup@^3.21.0":
  "integrity" "sha512-imsigcWor5Y/dC0rz2q0bBt9PabcL3TORry2hAa6O6BuMvY71bqHyfReAz5qyAqiQATD1m70qdntqBfBQjVWpQ=="
  "resolved" "https://registry.npmjs.org/rollup/-/rollup-3.22.0.tgz"
  "version" "3.22.0"
  optionalDependencies:
    "fsevents" "~2.3.2"

"source-map-js@^1.0.2":
  "integrity" "sha512-R0XvVJ9WusLiqTCEiGCmICCMplcCkIwwR11mOSD9CR5u+IXYdiseeEuXCVAjS54zqwkLcPNnmU4OeJ6tUrWhDw=="
  "resolved" "https://registry.npmjs.org/source-map-js/-/source-map-js-1.0.2.tgz"
  "version" "1.0.2"

"three@^0.148.0":
  "integrity" "sha512-8uzVV+qhTPi0bOFs/3te3RW6hb3urL8jYEl6irjCWo/l6sr8MPNMcClFev/MMYeIxr0gmDcoXTy/8LXh/LXkfw=="
  "resolved" "https://registry.npmjs.org/three/-/three-0.148.0.tgz"
  "version" "0.148.0"

"vite-plugin-glsl@^1.1.2":
  "integrity" "sha512-zmXsfc1vn2MlYve9t3FAoWuhLyoCkNS1TuQL+TkXZL7tGmBjRErp10eNYxcse5tK9oUC5MyJpNc4ElpQnx8DoA=="
  "resolved" "https://registry.npmjs.org/vite-plugin-glsl/-/vite-plugin-glsl-1.1.2.tgz"
  "version" "1.1.2"
  dependencies:
    "@rollup/pluginutils" "^5.0.2"

"vite@^3.0.0 || ^4.0.0", "vite@^4.0.4":
  "integrity" "sha512-MTIFpbIm9v7Hh5b0wSBgkcWzSBz7SAa6K/cBTwS4kUiQJfQLFlZZRJRQgqunCVzhTPCk674tW+0Qaqh3Q00dBg=="
  "resolved" "https://registry.npmjs.org/vite/-/vite-4.3.7.tgz"
  "version" "4.3.7"
  dependencies:
    "esbuild" "^0.17.5"
    "postcss" "^8.4.23"
    "rollup" "^3.21.0"
  optionalDependencies:
    "fsevents" "~2.3.2"
